<Solution>
  <Configurations>
    <Platform Name="x64" />
    <Platform Name="x86" />
  </Configurations>
  <Project Path="HW_MOD4/HW_MOD4.vcxproj" Id="e4c2e30e-8e67-4547-8250-774e315cc548" />
  <Project Path="HW_MOD5/HW_MOD5.vcxproj" Id="4706e1a1-9e14-4251-96a1-180f8687e228" />
  <Project Path="HW_MOD6/HW_MOD6.vcxproj" Id="e1310e97-c345-47ff-bd12-5bb0363bd575" />
</Solution>
